
Microsoft Visual Studio Solution File, Format Version 12.00
# Visual Studio Version 17
VisualStudioVersion = 17.9.34701.34
MinimumVisualStudioVersion = 10.0.40219.1
Project("{FAE04EC0-301F-11D3-BF4B-00C04F79EFBC}") = "Ministore", "Ministore\Ministore.csproj", "{ED097F28-25B1-4B4C-BCFF-CC4694C711D2}"
EndProject
Global
	GlobalSection(SolutionConfigurationPlatforms) = preSolution
		Debug|Any CPU = Debug|Any CPU
		Release|Any CPU = Release|Any CPU
	EndGlobalSection
	GlobalSection(ProjectConfigurationPlatforms) = postSolution
		{ED097F28-25B1-4B4C-BCFF-CC4694C711D2}.Debug|Any CPU.ActiveCfg = Debug|Any CPU
		{ED097F28-25B1-4B4C-BCFF-CC4694C711D2}.Debug|Any CPU.Build.0 = Debug|Any CPU
		{ED097F28-25B1-4B4C-BCFF-CC4694C711D2}.Release|Any CPU.ActiveCfg = Release|Any CPU
		{ED097F28-25B1-4B4C-BCFF-CC4694C711D2}.Release|Any CPU.Build.0 = Release|Any CPU
	EndGlobalSection
	GlobalSection(SolutionProperties) = preSolution
		HideSolutionNode = FALSE
	EndGlobalSection
	GlobalSection(ExtensibilityGlobals) = postSolution
		SolutionGuid = {1B94EDBD-AB04-4CC7-8208-ABB58260FEE6}
	EndGlobalSection
EndGlobal
